
Microsoft Visual Studio Solution File, Format Version 12.00
# Visual Studio Version 16
VisualStudioVersion = 16.0.29613.14
MinimumVisualStudioVersion = 10.0.40219.1
Project("{9A19103F-16F7-4668-BE54-9A1E7A4F7556}") = "OdeToFoodWebApp", "OdeToFoodWebApp\OdeToFoodWebApp.csproj", "{4A8489E4-213C-415F-800B-B499DF7021F4}"
EndProject
Project("{9A19103F-16F7-4668-BE54-9A1E7A4F7556}") = "OdeToFoodCore", "OdeToFoodCore\OdeToFoodCore.csproj", "{387F4EA6-D761-4D65-A4A4-CE4429B1A306}"
EndProject
Project("{9A19103F-16F7-4668-BE54-9A1E7A4F7556}") = "OdeToFoodData", "OdeToFoodData\OdeToFoodData.csproj", "{918E99DE-E36B-458C-9FD6-AED108123FB9}"
EndProject
Project("{FAE04EC0-301F-11D3-BF4B-00C04F79EFBC}") = "LearningApp", "LearningApp\LearningApp.csproj", "{3F8116C2-F5C0-42A8-9711-88C840DFD271}"
EndProject
Global
	GlobalSection(SolutionConfigurationPlatforms) = preSolution
		Debug|Any CPU = Debug|Any CPU
		Release|Any CPU = Release|Any CPU
	EndGlobalSection
	GlobalSection(ProjectConfigurationPlatforms) = postSolution
		{4A8489E4-213C-415F-800B-B499DF7021F4}.Debug|Any CPU.ActiveCfg = Debug|Any CPU
		{4A8489E4-213C-415F-800B-B499DF7021F4}.Debug|Any CPU.Build.0 = Debug|Any CPU
		{4A8489E4-213C-415F-800B-B499DF7021F4}.Release|Any CPU.ActiveCfg = Release|Any CPU
		{4A8489E4-213C-415F-800B-B499DF7021F4}.Release|Any CPU.Build.0 = Release|Any CPU
		{387F4EA6-D761-4D65-A4A4-CE4429B1A306}.Debug|Any CPU.ActiveCfg = Debug|Any CPU
		{387F4EA6-D761-4D65-A4A4-CE4429B1A306}.Debug|Any CPU.Build.0 = Debug|Any CPU
		{387F4EA6-D761-4D65-A4A4-CE4429B1A306}.Release|Any CPU.ActiveCfg = Release|Any CPU
		{387F4EA6-D761-4D65-A4A4-CE4429B1A306}.Release|Any CPU.Build.0 = Release|Any CPU
		{918E99DE-E36B-458C-9FD6-AED108123FB9}.Debug|Any CPU.ActiveCfg = Debug|Any CPU
		{918E99DE-E36B-458C-9FD6-AED108123FB9}.Debug|Any CPU.Build.0 = Debug|Any CPU
		{918E99DE-E36B-458C-9FD6-AED108123FB9}.Release|Any CPU.ActiveCfg = Release|Any CPU
		{918E99DE-E36B-458C-9FD6-AED108123FB9}.Release|Any CPU.Build.0 = Release|Any CPU
		{3F8116C2-F5C0-42A8-9711-88C840DFD271}.Debug|Any CPU.ActiveCfg = Debug|Any CPU
		{3F8116C2-F5C0-42A8-9711-88C840DFD271}.Debug|Any CPU.Build.0 = Debug|Any CPU
		{3F8116C2-F5C0-42A8-9711-88C840DFD271}.Release|Any CPU.ActiveCfg = Release|Any CPU
		{3F8116C2-F5C0-42A8-9711-88C840DFD271}.Release|Any CPU.Build.0 = Release|Any CPU
	EndGlobalSection
	GlobalSection(SolutionProperties) = preSolution
		HideSolutionNode = FALSE
	EndGlobalSection
	GlobalSection(ExtensibilityGlobals) = postSolution
		SolutionGuid = {2246D1B8-D620-4D0C-AF74-94D413AB0B5F}
	EndGlobalSection
EndGlobal
